
Microsoft Visual Studio Solution File, Format Version 12.00
# Visual Studio 15
VisualStudioVersion = 15.0.28307.421
MinimumVisualStudioVersion = 10.0.40219.1
Project("{FAE04EC0-301F-11D3-BF4B-00C04F79EFBC}") = "SQLDePendency", "SQLDePendency\SQLDePendency.csproj", "{4A47200A-35C8-4367-AF5F-EC560EB4927A}"
EndProject
Global
	GlobalSection(SolutionConfigurationPlatforms) = preSolution
		Debug|Any CPU = Debug|Any CPU
		Release|Any CPU = Release|Any CPU
	EndGlobalSection
	GlobalSection(ProjectConfigurationPlatforms) = postSolution
		{4A47200A-35C8-4367-AF5F-EC560EB4927A}.Debug|Any CPU.ActiveCfg = Debug|Any CPU
		{4A47200A-35C8-4367-AF5F-EC560EB4927A}.Debug|Any CPU.Build.0 = Debug|Any CPU
		{4A47200A-35C8-4367-AF5F-EC560EB4927A}.Release|Any CPU.ActiveCfg = Release|Any CPU
		{4A47200A-35C8-4367-AF5F-EC560EB4927A}.Release|Any CPU.Build.0 = Release|Any CPU
	EndGlobalSection
	GlobalSection(SolutionProperties) = preSolution
		HideSolutionNode = FALSE
	EndGlobalSection
	GlobalSection(ExtensibilityGlobals) = postSolution
		SolutionGuid = {C14CF572-C166-4183-98C5-CC2FAD111F8A}
	EndGlobalSection
EndGlobal
